{
  "name": "app",
  "version": "1.0.0",
  "lockfileVersion": 1,
  "requires": true,
  "dependencies": {
    "colors": {
      "version": "1.4.0",
      "resolved": "https://registry.npmjs.org/colors/-/colors-1.4.0.tgz",
      "integrity": "sha512-a+UqTh4kgZg/SlGvfbzDHpgRu7AAQOmmqRHJnxhRZICKFUT91brVhNNt58CMWU9PsBbv3PDCZUHbVxuDiH2mtA=="
    },
    "sample-library": {
      "version": "file:../libs/sample-library/sample-library-1.0.0.tgz",
      "integrity": "sha512-aP4iVUi2j7TXeO18nN6o/Up5U6TyNeITCRosW0hkK393Xj8SpHzasHB38IozSpQydGLOq77oFnb3yQAaRv1DRg==",
      "requires": {
        "string-format": "^2.0.0"
      }
    },
    "string-format": {
      "version": "2.0.0",
      "resolved": "https://registry.npmjs.org/string-format/-/string-format-2.0.0.tgz",
      "integrity": "sha512-bbEs3scLeYNXLecRRuk6uJxdXUSj6le/8rNPHChIJTn2V79aXVTR1EH2OH5zLKKoz0V02fOUKZZcw01pLUShZA=="
    }
  }
}
